dependencies:
- name: chart-acquirer-backend
  repository: file://./chart-acquirer-backend
  version: 0.1.0
- name: chart-acquirer-frontend
  repository: file://./chart-acquirer-frontend
  version: 0.1.0
- name: chart-merchant-db
  repository: file://./chart-merchant-db
  version: 0.1.0
- name: chart-minio
  repository: file://./chart-minio
  version: 0.1.0
- name: chart-registry-oracle
  repository: file://./chart-registry-oracle
  version: 0.1.0
digest: sha256:1df52f74fc143bd2dbc28f3b7a2b48f6615cbdaaa2a17648cd1f73ae08e7da47
generated: "2026-07-24T12:30:51.127248628+07:00"
